// !$*UTF8*$!
{
	archiveVersion = 1;
	classes = {
	};
	objectVersion = 56;
	objects = {

/* Begin PBXBuildFile section */
		F7152F6F2A3C66A00007094B /* CustomButtons.swift in Sources */ = {isa = PBXBuildFile; fileRef = F7152F6E2A3C66A00007094B /* CustomButtons.swift */; };
		F7152F712A3C71E80007094B /* UIFont.swift in Sources */ = {isa = PBXBuildFile; fileRef = F7152F702A3C71E80007094B /* UIFont.swift */; };
		F7152F732A3C72B60007094B /* UITextField.swift in Sources */ = {isa = PBXBuildFile; fileRef = F7152F722A3C72B60007094B /* UITextField.swift */; };
		F7293F1D2A2D14840063AC20 /* UIColor.swift in Sources */ = {isa = PBXBuildFile; fileRef = F7293F1C2A2D14840063AC20 /* UIColor.swift */; };
		F7293F2B2A2DF8DB0063AC20 /* LoggedOutViewController.swift in Sources */ = {isa = PBXBuildFile; fileRef = F7293F2A2A2DF8DB0063AC20 /* LoggedOutViewController.swift */; };
		F7293F2E2A2DF94D0063AC20 /* TabBarModel.swift in Sources */ = {isa = PBXBuildFile; fileRef = F7293F2D2A2DF94D0063AC20 /* TabBarModel.swift */; };
		F7293F332A2DFE870063AC20 /* Colors.xcassets in Resources */ = {isa = PBXBuildFile; fileRef = F7293F322A2DFE870063AC20 /* Colors.xcassets */; };
		F774B9E32A29F4A0003D4F02 /* AppDelegate.swift in Sources */ = {isa = PBXBuildFile; fileRef = F774B9E22A29F4A0003D4F02 /* AppDelegate.swift */; };
		F774B9E52A29F4A0003D4F02 /* SceneDelegate.swift in Sources */ = {isa = PBXBuildFile; fileRef = F774B9E42A29F4A0003D4F02 /* SceneDelegate.swift */; };
		F774B9EC2A29F4A1003D4F02 /* Assets.xcassets in Resources */ = {isa = PBXBuildFile; fileRef = F774B9EB2A29F4A1003D4F02 /* Assets.xcassets */; };
		F774B9EF2A29F4A1003D4F02 /* LaunchScreen.storyboard in Resources */ = {isa = PBXBuildFile; fileRef = F774B9ED2A29F4A1003D4F02 /* LaunchScreen.storyboard */; };
		F799A7F62A41D1B400D52F84 /* UIImage.swift in Sources */ = {isa = PBXBuildFile; fileRef = F799A7F52A41D1B400D52F84 /* UIImage.swift */; };
		F799A7F82A41D62800D52F84 /* BiometryAuthenticationService.swift in Sources */ = {isa = PBXBuildFile; fileRef = F799A7F72A41D62800D52F84 /* BiometryAuthenticationService.swift */; };
		F7B23B6A2A2F583A0066256D /* SignUpViewController.swift in Sources */ = {isa = PBXBuildFile; fileRef = F7B23B692A2F583A0066256D /* SignUpViewController.swift */; };
		F7B23B6D2A2FB4CE0066256D /* RootRouter.swift in Sources */ = {isa = PBXBuildFile; fileRef = F7B23B6C2A2FB4CE0066256D /* RootRouter.swift */; };
		F7B23B702A2FB5780066256D /* RIBs in Frameworks */ = {isa = PBXBuildFile; productRef = F7B23B6F2A2FB5780066256D /* RIBs */; };
		F7B23B722A2FB6040066256D /* RootInteractor.swift in Sources */ = {isa = PBXBuildFile; fileRef = F7B23B712A2FB6040066256D /* RootInteractor.swift */; };
		F7B23B742A2FB76C0066256D /* RootBuilder.swift in Sources */ = {isa = PBXBuildFile; fileRef = F7B23B732A2FB76C0066256D /* RootBuilder.swift */; };
		F7B23B762A2FB7740066256D /* RootViewController.swift in Sources */ = {isa = PBXBuildFile; fileRef = F7B23B752A2FB7740066256D /* RootViewController.swift */; };
		F7B23B782A30702B0066256D /* UIViewController.swift in Sources */ = {isa = PBXBuildFile; fileRef = F7B23B772A30702B0066256D /* UIViewController.swift */; };
		F7B23B7C2A30A2230066256D /* LoggedOutRouter.swift in Sources */ = {isa = PBXBuildFile; fileRef = F7B23B7B2A30A2230066256D /* LoggedOutRouter.swift */; };
		F7B23B7E2A30A2300066256D /* LoggedOutInteractor.swift in Sources */ = {isa = PBXBuildFile; fileRef = F7B23B7D2A30A2300066256D /* LoggedOutInteractor.swift */; };
		F7B23B802A30A2390066256D /* LoggedOutBuilder.swift in Sources */ = {isa = PBXBuildFile; fileRef = F7B23B7F2A30A2390066256D /* LoggedOutBuilder.swift */; };
		F7B23B822A30A4950066256D /* Interactor.swift in Sources */ = {isa = PBXBuildFile; fileRef = F7B23B812A30A4950066256D /* Interactor.swift */; };
		F7B8EF8B2A45CFAD004B82E9 /* FirebaseAuthenticationService.swift in Sources */ = {isa = PBXBuildFile; fileRef = F7B8EF8A2A45CFAD004B82E9 /* FirebaseAuthenticationService.swift */; };
		F7B8EF8D2A45D089004B82E9 /* GoogleService-Info.plist in Resources */ = {isa = PBXBuildFile; fileRef = F7B8EF8C2A45D089004B82E9 /* GoogleService-Info.plist */; };
		F7B8EF902A45D26B004B82E9 /* FirebaseAuth in Frameworks */ = {isa = PBXBuildFile; productRef = F7B8EF8F2A45D26B004B82E9 /* FirebaseAuth */; };
		F7B8EF922A45D26B004B82E9 /* FirebaseAuthCombine-Community in Frameworks */ = {isa = PBXBuildFile; productRef = F7B8EF912A45D26B004B82E9 /* FirebaseAuthCombine-Community */; };
		F7B8EF952A45EB5E004B82E9 /* UserStream.swift in Sources */ = {isa = PBXBuildFile; fileRef = F7B8EF942A45EB5E004B82E9 /* UserStream.swift */; };
		F7B8EF982A462E08004B82E9 /* User.swift in Sources */ = {isa = PBXBuildFile; fileRef = F7B8EF972A462E08004B82E9 /* User.swift */; };
		F7B8EF9A2A4B28A4004B82E9 /* UIView.swift in Sources */ = {isa = PBXBuildFile; fileRef = F7B8EF992A4B28A4004B82E9 /* UIView.swift */; };
		F7B8EF9C2A4C797F004B82E9 /* UILabel.swift in Sources */ = {isa = PBXBuildFile; fileRef = F7B8EF9B2A4C797F004B82E9 /* UILabel.swift */; };
		F7B8EF9E2A4EEF7B004B82E9 /* HomeRouter.swift in Sources */ = {isa = PBXBuildFile; fileRef = F7B8EF9D2A4EEF7B004B82E9 /* HomeRouter.swift */; };
		F7B8EFA02A4EEF85004B82E9 /* HomeInteractor.swift in Sources */ = {isa = PBXBuildFile; fileRef = F7B8EF9F2A4EEF85004B82E9 /* HomeInteractor.swift */; };
		F7B8EFA22A4EEF91004B82E9 /* HomeBuilder.swift in Sources */ = {isa = PBXBuildFile; fileRef = F7B8EFA12A4EEF91004B82E9 /* HomeBuilder.swift */; };
		F7B8EFA42A4EEF99004B82E9 /* HomeViewController.swift in Sources */ = {isa = PBXBuildFile; fileRef = F7B8EFA32A4EEF99004B82E9 /* HomeViewController.swift */; };
		F7B8EFA82A549868004B82E9 /* KeychainService.swift in Sources */ = {isa = PBXBuildFile; fileRef = F7B8EFA72A549868004B82E9 /* KeychainService.swift */; };
		F7B8EFAB2A549FD7004B82E9 /* UserDefaultsStorage.swift in Sources */ = {isa = PBXBuildFile; fileRef = F7B8EFAA2A549FD7004B82E9 /* UserDefaultsStorage.swift */; };
		F7B8EFAE2A54A0C7004B82E9 /* SwiftyUserDefaults in Frameworks */ = {isa = PBXBuildFile; productRef = F7B8EFAD2A54A0C7004B82E9 /* SwiftyUserDefaults */; };
		F7B8EFB12A5706B5004B82E9 /* IQKeyboardManagerSwift in Frameworks */ = {isa = PBXBuildFile; productRef = F7B8EFB02A5706B5004B82E9 /* IQKeyboardManagerSwift */; };
		F7B8EFB32A59A72F004B82E9 /* AlertPresentable.swift in Sources */ = {isa = PBXBuildFile; fileRef = F7B8EFB22A59A72F004B82E9 /* AlertPresentable.swift */; };
		F7BEAF6F2A30BB0A00A19DE8 /* Localizable.strings in Resources */ = {isa = PBXBuildFile; fileRef = F7BEAF712A30BB0A00A19DE8 /* Localizable.strings */; };
		F7BEAF742A30BB5600A19DE8 /* String.swift in Sources */ = {isa = PBXBuildFile; fileRef = F7BEAF732A30BB5600A19DE8 /* String.swift */; };
		F7BEAF762A30BD5B00A19DE8 /* String+extension.swift in Sources */ = {isa = PBXBuildFile; fileRef = F7BEAF752A30BD5B00A19DE8 /* String+extension.swift */; };
		F7E40AE42A310374002E5869 /* RxGesture in Frameworks */ = {isa = PBXBuildFile; productRef = F7E40AE32A310374002E5869 /* RxGesture */; };
		F7E40AE72A310391002E5869 /* TinyConstraints in Frameworks */ = {isa = PBXBuildFile; productRef = F7E40AE62A310391002E5869 /* TinyConstraints */; };
		F7E40AE92A31041D002E5869 /* SignUpRouter.swift in Sources */ = {isa = PBXBuildFile; fileRef = F7E40AE82A31041D002E5869 /* SignUpRouter.swift */; };
		F7E40AEB2A31042F002E5869 /* SignUpInteractor.swift in Sources */ = {isa = PBXBuildFile; fileRef = F7E40AEA2A31042F002E5869 /* SignUpInteractor.swift */; };
		F7E40AED2A310443002E5869 /* SignUpBuilder.swift in Sources */ = {isa = PBXBuildFile; fileRef = F7E40AEC2A310443002E5869 /* SignUpBuilder.swift */; };
		F7E9F7D32A6033AA00EAAE40 /* UICollectionView.swift in Sources */ = {isa = PBXBuildFile; fileRef = F7E9F7D22A6033AA00EAAE40 /* UICollectionView.swift */; };
		F7E9F7D52A603A9600EAAE40 /* ProfileHeaderView.swift in Sources */ = {isa = PBXBuildFile; fileRef = F7E9F7D42A603A9600EAAE40 /* ProfileHeaderView.swift */; };
		F7E9F7D72A603AA000EAAE40 /* ProfileTableViewCell.swift in Sources */ = {isa = PBXBuildFile; fileRef = F7E9F7D62A603AA000EAAE40 /* ProfileTableViewCell.swift */; };
		F7E9F7D92A6063CB00EAAE40 /* UIImageView.swift in Sources */ = {isa = PBXBuildFile; fileRef = F7E9F7D82A6063CB00EAAE40 /* UIImageView.swift */; };
		F7E9F7DC2A6087FC00EAAE40 /* MainCell.swift in Sources */ = {isa = PBXBuildFile; fileRef = F7E9F7DB2A6087FC00EAAE40 /* MainCell.swift */; };
		F7E9F7DE2A60898300EAAE40 /* Post.swift in Sources */ = {isa = PBXBuildFile; fileRef = F7E9F7DD2A60898300EAAE40 /* Post.swift */; };
		F7E9F7E02A61C7B600EAAE40 /* AuthorPostTableViewCell.swift in Sources */ = {isa = PBXBuildFile; fileRef = F7E9F7DF2A61C7B600EAAE40 /* AuthorPostTableViewCell.swift */; };
		F7E9F7E22A629B9D00EAAE40 /* PhotoModel.swift in Sources */ = {isa = PBXBuildFile; fileRef = F7E9F7E12A629B9D00EAAE40 /* PhotoModel.swift */; };
		F7E9F7E42A63240800EAAE40 /* UITableView.swift in Sources */ = {isa = PBXBuildFile; fileRef = F7E9F7E32A63240800EAAE40 /* UITableView.swift */; };
		F7E9F7E62A6326C400EAAE40 /* MainFriendsView.swift in Sources */ = {isa = PBXBuildFile; fileRef = F7E9F7E52A6326C400EAAE40 /* MainFriendsView.swift */; };
		F7F24A2F2A5B4207003CE73F /* MainRouter.swift in Sources */ = {isa = PBXBuildFile; fileRef = F7F24A2E2A5B4207003CE73F /* MainRouter.swift */; };
		F7F24A312A5B4213003CE73F /* MainInteractor.swift in Sources */ = {isa = PBXBuildFile; fileRef = F7F24A302A5B4213003CE73F /* MainInteractor.swift */; };
		F7F24A332A5B421B003CE73F /* MainBuilder.swift in Sources */ = {isa = PBXBuildFile; fileRef = F7F24A322A5B421B003CE73F /* MainBuilder.swift */; };
		F7F24A352A5B4221003CE73F /* MainViewController.swift in Sources */ = {isa = PBXBuildFile; fileRef = F7F24A342A5B4221003CE73F /* MainViewController.swift */; };
		F7F24A382A5B4249003CE73F /* ProfileBuilder.swift in Sources */ = {isa = PBXBuildFile; fileRef = F7F24A372A5B4249003CE73F /* ProfileBuilder.swift */; };
		F7F24A3A2A5B424F003CE73F /* ProfileInteractor.swift in Sources */ = {isa = PBXBuildFile; fileRef = F7F24A392A5B424F003CE73F /* ProfileInteractor.swift */; };
		F7F24A3C2A5B425D003CE73F /* ProfileRouter.swift in Sources */ = {isa = PBXBuildFile; fileRef = F7F24A3B2A5B425D003CE73F /* ProfileRouter.swift */; };
		F7F24A3E2A5B426A003CE73F /* ProfileViewController.swift in Sources */ = {isa = PBXBuildFile; fileRef = F7F24A3D2A5B426A003CE73F /* ProfileViewController.swift */; };
		F7F24A412A5B42BA003CE73F /* FavoritesRouter.swift in Sources */ = {isa = PBXBuildFile; fileRef = F7F24A402A5B42BA003CE73F /* FavoritesRouter.swift */; };
		F7F24A432A5B42C0003CE73F /* FavoritesInteractor.swift in Sources */ = {isa = PBXBuildFile; fileRef = F7F24A422A5B42C0003CE73F /* FavoritesInteractor.swift */; };
		F7F24A452A5B42C6003CE73F /* FavoritesBuilder.swift in Sources */ = {isa = PBXBuildFile; fileRef = F7F24A442A5B42C6003CE73F /* FavoritesBuilder.swift */; };
		F7F24A472A5B42CC003CE73F /* FavoritesViewController.swift in Sources */ = {isa = PBXBuildFile; fileRef = F7F24A462A5B42CC003CE73F /* FavoritesViewController.swift */; };
/* End PBXBuildFile section */

/* Begin PBXFileReference section */
		F7152F6E2A3C66A00007094B /* CustomButtons.swift */ = {isa = PBXFileReference; lastKnownFileType = sourcecode.swift; path = CustomButtons.swift; sourceTree = "<group>"; };
		F7152F702A3C71E80007094B /* UIFont.swift */ = {isa = PBXFileReference; lastKnownFileType = sourcecode.swift; path = UIFont.swift; sourceTree = "<group>"; };
		F7152F722A3C72B60007094B /* UITextField.swift */ = {isa = PBXFileReference; lastKnownFileType = sourcecode.swift; path = UITextField.swift; sourceTree = "<group>"; };
		F7293F1C2A2D14840063AC20 /* UIColor.swift */ = {isa = PBXFileReference; lastKnownFileType = sourcecode.swift; path = UIColor.swift; sourceTree = "<group>"; };
		F7293F2A2A2DF8DB0063AC20 /* LoggedOutViewController.swift */ = {isa = PBXFileReference; lastKnownFileType = sourcecode.swift; path = LoggedOutViewController.swift; sourceTree = "<group>"; };
		F7293F2D2A2DF94D0063AC20 /* TabBarModel.swift */ = {isa = PBXFileReference; lastKnownFileType = sourcecode.swift; path = TabBarModel.swift; sourceTree = "<group>"; };
		F7293F322A2DFE870063AC20 /* Colors.xcassets */ = {isa = PBXFileReference; lastKnownFileType = folder.assetcatalog; path = Colors.xcassets; sourceTree = "<group>"; };
		F774B9DF2A29F4A0003D4F02 /* Diploma.app */ = {isa = PBXFileReference; explicitFileType = wrapper.application; includeInIndex = 0; path = Diploma.app; sourceTree = BUILT_PRODUCTS_DIR; };
		F774B9E22A29F4A0003D4F02 /* AppDelegate.swift */ = {isa = PBXFileReference; lastKnownFileType = sourcecode.swift; path = AppDelegate.swift; sourceTree = "<group>"; };
		F774B9E42A29F4A0003D4F02 /* SceneDelegate.swift */ = {isa = PBXFileReference; lastKnownFileType = sourcecode.swift; path = SceneDelegate.swift; sourceTree = "<group>"; };
		F774B9EB2A29F4A1003D4F02 /* Assets.xcassets */ = {isa = PBXFileReference; lastKnownFileType = folder.assetcatalog; path = Assets.xcassets; sourceTree = "<group>"; };
		F774B9EE2A29F4A1003D4F02 /* Base */ = {isa = PBXFileReference; lastKnownFileType = file.storyboard; name = Base; path = Base.lproj/LaunchScreen.storyboard; sourceTree = "<group>"; };
		F774B9F02A29F4A1003D4F02 /* Info.plist */ = {isa = PBXFileReference; lastKnownFileType = text.plist.xml; path = Info.plist; sourceTree = "<group>"; };
		F799A7F52A41D1B400D52F84 /* UIImage.swift */ = {isa = PBXFileReference; lastKnownFileType = sourcecode.swift; path = UIImage.swift; sourceTree = "<group>"; };
		F799A7F72A41D62800D52F84 /* BiometryAuthenticationService.swift */ = {isa = PBXFileReference; lastKnownFileType = sourcecode.swift; path = BiometryAuthenticationService.swift; sourceTree = "<group>"; };
		F7B23B692A2F583A0066256D /* SignUpViewController.swift */ = {isa = PBXFileReference; lastKnownFileType = sourcecode.swift; path = SignUpViewController.swift; sourceTree = "<group>"; };
		F7B23B6C2A2FB4CE0066256D /* RootRouter.swift */ = {isa = PBXFileReference; lastKnownFileType = sourcecode.swift; path = RootRouter.swift; sourceTree = "<group>"; };
		F7B23B712A2FB6040066256D /* RootInteractor.swift */ = {isa = PBXFileReference; lastKnownFileType = sourcecode.swift; path = RootInteractor.swift; sourceTree = "<group>"; };
		F7B23B732A2FB76C0066256D /* RootBuilder.swift */ = {isa = PBXFileReference; lastKnownFileType = sourcecode.swift; path = RootBuilder.swift; sourceTree = "<group>"; };
		F7B23B752A2FB7740066256D /* RootViewController.swift */ = {isa = PBXFileReference; lastKnownFileType = sourcecode.swift; path = RootViewController.swift; sourceTree = "<group>"; };
		F7B23B772A30702B0066256D /* UIViewController.swift */ = {isa = PBXFileReference; lastKnownFileType = sourcecode.swift; path = UIViewController.swift; sourceTree = "<group>"; };
		F7B23B7B2A30A2230066256D /* LoggedOutRouter.swift */ = {isa = PBXFileReference; lastKnownFileType = sourcecode.swift; path = LoggedOutRouter.swift; sourceTree = "<group>"; };
		F7B23B7D2A30A2300066256D /* LoggedOutInteractor.swift */ = {isa = PBXFileReference; lastKnownFileType = sourcecode.swift; path = LoggedOutInteractor.swift; sourceTree = "<group>"; };
		F7B23B7F2A30A2390066256D /* LoggedOutBuilder.swift */ = {isa = PBXFileReference; lastKnownFileType = sourcecode.swift; path = LoggedOutBuilder.swift; sourceTree = "<group>"; };
		F7B23B812A30A4950066256D /* Interactor.swift */ = {isa = PBXFileReference; lastKnownFileType = sourcecode.swift; path = Interactor.swift; sourceTree = "<group>"; };
		F7B8EF8A2A45CFAD004B82E9 /* FirebaseAuthenticationService.swift */ = {isa = PBXFileReference; lastKnownFileType = sourcecode.swift; path = FirebaseAuthenticationService.swift; sourceTree = "<group>"; };
		F7B8EF8C2A45D089004B82E9 /* GoogleService-Info.plist */ = {isa = PBXFileReference; fileEncoding = 4; lastKnownFileType = text.plist.xml; path = "GoogleService-Info.plist"; sourceTree = "<group>"; };
		F7B8EF942A45EB5E004B82E9 /* UserStream.swift */ = {isa = PBXFileReference; lastKnownFileType = sourcecode.swift; path = UserStream.swift; sourceTree = "<group>"; };
		F7B8EF972A462E08004B82E9 /* User.swift */ = {isa = PBXFileReference; lastKnownFileType = sourcecode.swift; path = User.swift; sourceTree = "<group>"; };
		F7B8EF992A4B28A4004B82E9 /* UIView.swift */ = {isa = PBXFileReference; lastKnownFileType = sourcecode.swift; path = UIView.swift; sourceTree = "<group>"; };
		F7B8EF9B2A4C797F004B82E9 /* UILabel.swift */ = {isa = PBXFileReference; lastKnownFileType = sourcecode.swift; path = UILabel.swift; sourceTree = "<group>"; };
		F7B8EF9D2A4EEF7B004B82E9 /* HomeRouter.swift */ = {isa = PBXFileReference; lastKnownFileType = sourcecode.swift; path = HomeRouter.swift; sourceTree = "<group>"; };
		F7B8EF9F2A4EEF85004B82E9 /* HomeInteractor.swift */ = {isa = PBXFileReference; lastKnownFileType = sourcecode.swift; path = HomeInteractor.swift; sourceTree = "<group>"; };
		F7B8EFA12A4EEF91004B82E9 /* HomeBuilder.swift */ = {isa = PBXFileReference; lastKnownFileType = sourcecode.swift; path = HomeBuilder.swift; sourceTree = "<group>"; };
		F7B8EFA32A4EEF99004B82E9 /* HomeViewController.swift */ = {isa = PBXFileReference; lastKnownFileType = sourcecode.swift; path = HomeViewController.swift; sourceTree = "<group>"; };
		F7B8EFA72A549868004B82E9 /* KeychainService.swift */ = {isa = PBXFileReference; lastKnownFileType = sourcecode.swift; path = KeychainService.swift; sourceTree = "<group>"; };
		F7B8EFAA2A549FD7004B82E9 /* UserDefaultsStorage.swift */ = {isa = PBXFileReference; lastKnownFileType = sourcecode.swift; path = UserDefaultsStorage.swift; sourceTree = "<group>"; };
		F7B8EFB22A59A72F004B82E9 /* AlertPresentable.swift */ = {isa = PBXFileReference; lastKnownFileType = sourcecode.swift; path = AlertPresentable.swift; sourceTree = "<group>"; };
		F7BEAF6E2A30BAFE00A19DE8 /* ru */ = {isa = PBXFileReference; lastKnownFileType = text.plist.strings; name = ru; path = ru.lproj/LaunchScreen.strings; sourceTree = "<group>"; };
		F7BEAF702A30BB0A00A19DE8 /* en */ = {isa = PBXFileReference; lastKnownFileType = text.plist.strings; name = en; path = en.lproj/Localizable.strings; sourceTree = "<group>"; };
		F7BEAF722A30BB0D00A19DE8 /* ru */ = {isa = PBXFileReference; lastKnownFileType = text.plist.strings; name = ru; path = ru.lproj/Localizable.strings; sourceTree = "<group>"; };
		F7BEAF732A30BB5600A19DE8 /* String.swift */ = {isa = PBXFileReference; lastKnownFileType = sourcecode.swift; path = String.swift; sourceTree = "<group>"; };
		F7BEAF752A30BD5B00A19DE8 /* String+extension.swift */ = {isa = PBXFileReference; lastKnownFileType = sourcecode.swift; path = "String+extension.swift"; sourceTree = "<group>"; };
		F7E40AE82A31041D002E5869 /* SignUpRouter.swift */ = {isa = PBXFileReference; lastKnownFileType = sourcecode.swift; path = SignUpRouter.swift; sourceTree = "<group>"; };
		F7E40AEA2A31042F002E5869 /* SignUpInteractor.swift */ = {isa = PBXFileReference; lastKnownFileType = sourcecode.swift; path = SignUpInteractor.swift; sourceTree = "<group>"; };
		F7E40AEC2A310443002E5869 /* SignUpBuilder.swift */ = {isa = PBXFileReference; lastKnownFileType = sourcecode.swift; path = SignUpBuilder.swift; sourceTree = "<group>"; };
		F7E9F7D22A6033AA00EAAE40 /* UICollectionView.swift */ = {isa = PBXFileReference; lastKnownFileType = sourcecode.swift; path = UICollectionView.swift; sourceTree = "<group>"; };
		F7E9F7D42A603A9600EAAE40 /* ProfileHeaderView.swift */ = {isa = PBXFileReference; lastKnownFileType = sourcecode.swift; path = ProfileHeaderView.swift; sourceTree = "<group>"; };
		F7E9F7D62A603AA000EAAE40 /* ProfileTableViewCell.swift */ = {isa = PBXFileReference; lastKnownFileType = sourcecode.swift; path = ProfileTableViewCell.swift; sourceTree = "<group>"; };
		F7E9F7D82A6063CB00EAAE40 /* UIImageView.swift */ = {isa = PBXFileReference; lastKnownFileType = sourcecode.swift; path = UIImageView.swift; sourceTree = "<group>"; };
		F7E9F7DB2A6087FC00EAAE40 /* MainCell.swift */ = {isa = PBXFileReference; lastKnownFileType = sourcecode.swift; path = MainCell.swift; sourceTree = "<group>"; };
		F7E9F7DD2A60898300EAAE40 /* Post.swift */ = {isa = PBXFileReference; lastKnownFileType = sourcecode.swift; path = Post.swift; sourceTree = "<group>"; };
		F7E9F7DF2A61C7B600EAAE40 /* AuthorPostTableViewCell.swift */ = {isa = PBXFileReference; lastKnownFileType = sourcecode.swift; path = AuthorPostTableViewCell.swift; sourceTree = "<group>"; };
		F7E9F7E12A629B9D00EAAE40 /* PhotoModel.swift */ = {isa = PBXFileReference; lastKnownFileType = sourcecode.swift; path = PhotoModel.swift; sourceTree = "<group>"; };
		F7E9F7E32A63240800EAAE40 /* UITableView.swift */ = {isa = PBXFileReference; lastKnownFileType = sourcecode.swift; path = UITableView.swift; sourceTree = "<group>"; };
		F7E9F7E52A6326C400EAAE40 /* MainFriendsView.swift */ = {isa = PBXFileReference; lastKnownFileType = sourcecode.swift; path = MainFriendsView.swift; sourceTree = "<group>"; };
		F7F24A2E2A5B4207003CE73F /* MainRouter.swift */ = {isa = PBXFileReference; lastKnownFileType = sourcecode.swift; path = MainRouter.swift; sourceTree = "<group>"; };
		F7F24A302A5B4213003CE73F /* MainInteractor.swift */ = {isa = PBXFileReference; lastKnownFileType = sourcecode.swift; path = MainInteractor.swift; sourceTree = "<group>"; };
		F7F24A322A5B421B003CE73F /* MainBuilder.swift */ = {isa = PBXFileReference; lastKnownFileType = sourcecode.swift; path = MainBuilder.swift; sourceTree = "<group>"; };
		F7F24A342A5B4221003CE73F /* MainViewController.swift */ = {isa = PBXFileReference; lastKnownFileType = sourcecode.swift; path = MainViewController.swift; sourceTree = "<group>"; };
		F7F24A372A5B4249003CE73F /* ProfileBuilder.swift */ = {isa = PBXFileReference; lastKnownFileType = sourcecode.swift; path = ProfileBuilder.swift; sourceTree = "<group>"; };
		F7F24A392A5B424F003CE73F /* ProfileInteractor.swift */ = {isa = PBXFileReference; lastKnownFileType = sourcecode.swift; path = ProfileInteractor.swift; sourceTree = "<group>"; };
		F7F24A3B2A5B425D003CE73F /* ProfileRouter.swift */ = {isa = PBXFileReference; lastKnownFileType = sourcecode.swift; path = ProfileRouter.swift; sourceTree = "<group>"; };
		F7F24A3D2A5B426A003CE73F /* ProfileViewController.swift */ = {isa = PBXFileReference; lastKnownFileType = sourcecode.swift; path = ProfileViewController.swift; sourceTree = "<group>"; };
		F7F24A402A5B42BA003CE73F /* FavoritesRouter.swift */ = {isa = PBXFileReference; lastKnownFileType = sourcecode.swift; path = FavoritesRouter.swift; sourceTree = "<group>"; };
		F7F24A422A5B42C0003CE73F /* FavoritesInteractor.swift */ = {isa = PBXFileReference; lastKnownFileType = sourcecode.swift; path = FavoritesInteractor.swift; sourceTree = "<group>"; };
		F7F24A442A5B42C6003CE73F /* FavoritesBuilder.swift */ = {isa = PBXFileReference; lastKnownFileType = sourcecode.swift; path = FavoritesBuilder.swift; sourceTree = "<group>"; };
		F7F24A462A5B42CC003CE73F /* FavoritesViewController.swift */ = {isa = PBXFileReference; lastKnownFileType = sourcecode.swift; path = FavoritesViewController.swift; sourceTree = "<group>"; };
/* End PBXFileReference section */

/* Begin PBXFrameworksBuildPhase section */
		F774B9DC2A29F4A0003D4F02 /* Frameworks */ = {
			isa = PBXFrameworksBuildPhase;
			buildActionMask = 2147483647;
			files = (
				F7B8EFB12A5706B5004B82E9 /* IQKeyboardManagerSwift in Frameworks */,
				F7B23B702A2FB5780066256D /* RIBs in Frameworks */,
				F7B8EFAE2A54A0C7004B82E9 /* SwiftyUserDefaults in Frameworks */,
				F7E40AE42A310374002E5869 /* RxGesture in Frameworks */,
				F7E40AE72A310391002E5869 /* TinyConstraints in Frameworks */,
				F7B8EF902A45D26B004B82E9 /* FirebaseAuth in Frameworks */,
				F7B8EF922A45D26B004B82E9 /* FirebaseAuthCombine-Community in Frameworks */,
			);
			runOnlyForDeploymentPostprocessing = 0;
		};
/* End PBXFrameworksBuildPhase section */

/* Begin PBXGroup section */
		F7293F172A2A86F40063AC20 /* AppLayer */ = {
			isa = PBXGroup;
			children = (
				F774B9E22A29F4A0003D4F02 /* AppDelegate.swift */,
				F774B9E42A29F4A0003D4F02 /* SceneDelegate.swift */,
			);
			path = AppLayer;
			sourceTree = "<group>";
		};
		F7293F192A2A877B0063AC20 /* Services */ = {
			isa = PBXGroup;
			children = (
				F799A7F72A41D62800D52F84 /* BiometryAuthenticationService.swift */,
				F7B8EF8A2A45CFAD004B82E9 /* FirebaseAuthenticationService.swift */,
				F7B8EFA72A549868004B82E9 /* KeychainService.swift */,
			);
			path = Services;
			sourceTree = "<group>";
		};
		F7293F1A2A2A878F0063AC20 /* Resources */ = {
			isa = PBXGroup;
			children = (
				F7BEAF712A30BB0A00A19DE8 /* Localizable.strings */,
			);
			path = Resources;
			sourceTree = "<group>";
		};
		F7293F1B2A2A87BD0063AC20 /* Utils */ = {
			isa = PBXGroup;
			children = (
				F7B23B812A30A4950066256D /* Interactor.swift */,
				F7B23B772A30702B0066256D /* UIViewController.swift */,
				F7293F1C2A2D14840063AC20 /* UIColor.swift */,
				F799A7F52A41D1B400D52F84 /* UIImage.swift */,
				F7E9F7D82A6063CB00EAAE40 /* UIImageView.swift */,
				F7152F702A3C71E80007094B /* UIFont.swift */,
				F7B8EF9B2A4C797F004B82E9 /* UILabel.swift */,
				F7B8EF992A4B28A4004B82E9 /* UIView.swift */,
				F7152F722A3C72B60007094B /* UITextField.swift */,
				F7BEAF732A30BB5600A19DE8 /* String.swift */,
				F7BEAF752A30BD5B00A19DE8 /* String+extension.swift */,
				F7E9F7D22A6033AA00EAAE40 /* UICollectionView.swift */,
				F7E9F7E32A63240800EAAE40 /* UITableView.swift */,
			);
			path = Utils;
			sourceTree = "<group>";
		};
		F7293F272A2D1E630063AC20 /* SignUp */ = {
			isa = PBXGroup;
			children = (
				F7E40AE82A31041D002E5869 /* SignUpRouter.swift */,
				F7E40AEA2A31042F002E5869 /* SignUpInteractor.swift */,
				F7E40AEC2A310443002E5869 /* SignUpBuilder.swift */,
				F7B23B692A2F583A0066256D /* SignUpViewController.swift */,
			);
			path = SignUp;
			sourceTree = "<group>";
		};
		F7293F2C2A2DF9400063AC20 /* TabBarModule */ = {
			isa = PBXGroup;
			children = (
				F7293F2D2A2DF94D0063AC20 /* TabBarModel.swift */,
			);
			path = TabBarModule;
			sourceTree = "<group>";
		};
		F75087CD2A3A38C000435F91 /* Common */ = {
			isa = PBXGroup;
			children = (
				F7152F6E2A3C66A00007094B /* CustomButtons.swift */,
				F7B8EFB22A59A72F004B82E9 /* AlertPresentable.swift */,
			);
			path = Common;
			sourceTree = "<group>";
		};
		F774B9D62A29F4A0003D4F02 = {
			isa = PBXGroup;
			children = (
				F774B9E12A29F4A0003D4F02 /* Diploma */,
				F774B9E02A29F4A0003D4F02 /* Products */,
			);
			sourceTree = "<group>";
		};
		F774B9E02A29F4A0003D4F02 /* Products */ = {
			isa = PBXGroup;
			children = (
				F774B9DF2A29F4A0003D4F02 /* Diploma.app */,
			);
			name = Products;
			sourceTree = "<group>";
		};
		F774B9E12A29F4A0003D4F02 /* Diploma */ = {
			isa = PBXGroup;
			children = (
				F7293F172A2A86F40063AC20 /* AppLayer */,
				F774B9EB2A29F4A1003D4F02 /* Assets.xcassets */,
				F7293F322A2DFE870063AC20 /* Colors.xcassets */,
				F75087CD2A3A38C000435F91 /* Common */,
				F7B8EF8C2A45D089004B82E9 /* GoogleService-Info.plist */,
				F7B23B792A30731E0066256D /* Home */,
				F7F24A2D2A5B41F3003CE73F /* Main */,
				F7F24A362A5B422D003CE73F /* Profile */,
				F7F24A3F2A5B4280003CE73F /* Farovites */,
				F774B9F02A29F4A1003D4F02 /* Info.plist */,
				F774B9ED2A29F4A1003D4F02 /* LaunchScreen.storyboard */,
				F7B23B7A2A3077480066256D /* LoggedOut */,
				F7B8EF962A462DED004B82E9 /* Models */,
				F7293F1A2A2A878F0063AC20 /* Resources */,
				F7B23B6B2A2FB4BA0066256D /* Root */,
				F7293F192A2A877B0063AC20 /* Services */,
				F7293F272A2D1E630063AC20 /* SignUp */,
				F7B8EFA92A549FB3004B82E9 /* Storage */,
				F7B8EF932A45EB48004B82E9 /* Streams */,
				F7293F2C2A2DF9400063AC20 /* TabBarModule */,
				F7293F1B2A2A87BD0063AC20 /* Utils */,
			);
			path = Diploma;
			sourceTree = "<group>";
		};
		F7B23B6B2A2FB4BA0066256D /* Root */ = {
			isa = PBXGroup;
			children = (
				F7B23B6C2A2FB4CE0066256D /* RootRouter.swift */,
				F7B23B712A2FB6040066256D /* RootInteractor.swift */,
				F7B23B732A2FB76C0066256D /* RootBuilder.swift */,
				F7B23B752A2FB7740066256D /* RootViewController.swift */,
			);
			path = Root;
			sourceTree = "<group>";
		};
		F7B23B792A30731E0066256D /* Home */ = {
			isa = PBXGroup;
			children = (
				F7B8EF9D2A4EEF7B004B82E9 /* HomeRouter.swift */,
				F7B8EF9F2A4EEF85004B82E9 /* HomeInteractor.swift */,
				F7B8EFA12A4EEF91004B82E9 /* HomeBuilder.swift */,
				F7B8EFA32A4EEF99004B82E9 /* HomeViewController.swift */,
			);
			path = Home;
			sourceTree = "<group>";
		};
		F7B23B7A2A3077480066256D /* LoggedOut */ = {
			isa = PBXGroup;
			children = (
				F7B23B7B2A30A2230066256D /* LoggedOutRouter.swift */,
				F7B23B7D2A30A2300066256D /* LoggedOutInteractor.swift */,
				F7B23B7F2A30A2390066256D /* LoggedOutBuilder.swift */,
				F7293F2A2A2DF8DB0063AC20 /* LoggedOutViewController.swift */,
			);
			path = LoggedOut;
			sourceTree = "<group>";
		};
		F7B8EF932A45EB48004B82E9 /* Streams */ = {
			isa = PBXGroup;
			children = (
				F7B8EF942A45EB5E004B82E9 /* UserStream.swift */,
			);
			path = Streams;
			sourceTree = "<group>";
		};
		F7B8EF962A462DED004B82E9 /* Models */ = {
			isa = PBXGroup;
			children = (
				F7B8EF972A462E08004B82E9 /* User.swift */,
				F7E9F7DD2A60898300EAAE40 /* Post.swift */,
				F7E9F7E12A629B9D00EAAE40 /* PhotoModel.swift */,
			);
			path = Models;
			sourceTree = "<group>";
		};
		F7B8EFA92A549FB3004B82E9 /* Storage */ = {
			isa = PBXGroup;
			children = (
				F7B8EFAA2A549FD7004B82E9 /* UserDefaultsStorage.swift */,
			);
			path = Storage;
			sourceTree = "<group>";
		};
		F7F24A2D2A5B41F3003CE73F /* Main */ = {
			isa = PBXGroup;
			children = (
				F7F24A2E2A5B4207003CE73F /* MainRouter.swift */,
				F7F24A302A5B4213003CE73F /* MainInteractor.swift */,
				F7F24A322A5B421B003CE73F /* MainBuilder.swift */,
				F7F24A342A5B4221003CE73F /* MainViewController.swift */,
				F7E9F7DB2A6087FC00EAAE40 /* MainCell.swift */,
				F7E9F7DF2A61C7B600EAAE40 /* AuthorPostTableViewCell.swift */,
				F7E9F7E52A6326C400EAAE40 /* MainFriendsView.swift */,
			);
			path = Main;
			sourceTree = "<group>";
		};
		F7F24A362A5B422D003CE73F /* Profile */ = {
			isa = PBXGroup;
			children = (
				F7F24A3B2A5B425D003CE73F /* ProfileRouter.swift */,
				F7F24A392A5B424F003CE73F /* ProfileInteractor.swift */,
				F7F24A372A5B4249003CE73F /* ProfileBuilder.swift */,
				F7F24A3D2A5B426A003CE73F /* ProfileViewController.swift */,
				F7E9F7D42A603A9600EAAE40 /* ProfileHeaderView.swift */,
				F7E9F7D62A603AA000EAAE40 /* ProfileTableViewCell.swift */,
			);
			path = Profile;
			sourceTree = "<group>";
		};
		F7F24A3F2A5B4280003CE73F /* Farovites */ = {
			isa = PBXGroup;
			children = (
				F7F24A402A5B42BA003CE73F /* FavoritesRouter.swift */,
				F7F24A422A5B42C0003CE73F /* FavoritesInteractor.swift */,
				F7F24A442A5B42C6003CE73F /* FavoritesBuilder.swift */,
				F7F24A462A5B42CC003CE73F /* FavoritesViewController.swift */,
			);
			path = Farovites;
			sourceTree = "<group>";
		};
/* End PBXGroup section */

/* Begin PBXNativeTarget section */
		F774B9DE2A29F4A0003D4F02 /* Diploma */ = {
			isa = PBXNativeTarget;
			buildConfigurationList = F774B9F32A29F4A1003D4F02 /* Build configuration list for PBXNativeTarget "Diploma" */;
			buildPhases = (
				F774B9DB2A29F4A0003D4F02 /* Sources */,
				F774B9DC2A29F4A0003D4F02 /* Frameworks */,
				F774B9DD2A29F4A0003D4F02 /* Resources */,
			);
			buildRules = (
			);
			dependencies = (
			);
			name = Diploma;
			packageProductDependencies = (
				F7B23B6F2A2FB5780066256D /* RIBs */,
				F7E40AE32A310374002E5869 /* RxGesture */,
				F7E40AE62A310391002E5869 /* TinyConstraints */,
				F7B8EF8F2A45D26B004B82E9 /* FirebaseAuth */,
				F7B8EF912A45D26B004B82E9 /* FirebaseAuthCombine-Community */,
				F7B8EFAD2A54A0C7004B82E9 /* SwiftyUserDefaults */,
				F7B8EFB02A5706B5004B82E9 /* IQKeyboardManagerSwift */,
			);
			productName = Diploma;
			productReference = F774B9DF2A29F4A0003D4F02 /* Diploma.app */;
			productType = "com.apple.product-type.application";
		};
/* End PBXNativeTarget section */

/* Begin PBXProject section */
		F774B9D72A29F4A0003D4F02 /* Project object */ = {
			isa = PBXProject;
			attributes = {
				BuildIndependentTargetsInParallel = 1;
				LastSwiftUpdateCheck = 1400;
				LastUpgradeCheck = 1400;
				TargetAttributes = {
					F774B9DE2A29F4A0003D4F02 = {
						CreatedOnToolsVersion = 14.0;
					};
				};
			};
			buildConfigurationList = F774B9DA2A29F4A0003D4F02 /* Build configuration list for PBXProject "Diploma" */;
			compatibilityVersion = "Xcode 14.0";
			developmentRegion = en;
			hasScannedForEncodings = 0;
			knownRegions = (
				en,
				Base,
				ru,
			);
			mainGroup = F774B9D62A29F4A0003D4F02;
			packageReferences = (
				F7B23B6E2A2FB5780066256D /* XCRemoteSwiftPackageReference "RIBs" */,
				F7E40AE22A310374002E5869 /* XCRemoteSwiftPackageReference "RxGesture" */,
				F7E40AE52A310391002E5869 /* XCRemoteSwiftPackageReference "TinyConstraints" */,
				F7B8EF8E2A45D26B004B82E9 /* XCRemoteSwiftPackageReference "firebase-ios-sdk" */,
				F7B8EFAC2A54A0C7004B82E9 /* XCRemoteSwiftPackageReference "SwiftyUserDefaults" */,
				F7B8EFAF2A5706B5004B82E9 /* XCRemoteSwiftPackageReference "IQKeyboardManager" */,
			);
			productRefGroup = F774B9E02A29F4A0003D4F02 /* Products */;
			projectDirPath = "";
			projectRoot = "";
			targets = (
				F774B9DE2A29F4A0003D4F02 /* Diploma */,
			);
		};
/* End PBXProject section */

/* Begin PBXResourcesBuildPhase section */
		F774B9DD2A29F4A0003D4F02 /* Resources */ = {
			isa = PBXResourcesBuildPhase;
			buildActionMask = 2147483647;
			files = (
				F774B9EF2A29F4A1003D4F02 /* LaunchScreen.storyboard in Resources */,
				F7BEAF6F2A30BB0A00A19DE8 /* Localizable.strings in Resources */,
				F774B9EC2A29F4A1003D4F02 /* Assets.xcassets in Resources */,
				F7293F332A2DFE870063AC20 /* Colors.xcassets in Resources */,
				F7B8EF8D2A45D089004B82E9 /* GoogleService-Info.plist in Resources */,
			);
			runOnlyForDeploymentPostprocessing = 0;
		};
/* End PBXResourcesBuildPhase section */

/* Begin PBXSourcesBuildPhase section */
		F774B9DB2A29F4A0003D4F02 /* Sources */ = {
			isa = PBXSourcesBuildPhase;
			buildActionMask = 2147483647;
			files = (
				F7E9F7E02A61C7B600EAAE40 /* AuthorPostTableViewCell.swift in Sources */,
				F7E9F7D32A6033AA00EAAE40 /* UICollectionView.swift in Sources */,
				F7B8EFAB2A549FD7004B82E9 /* UserDefaultsStorage.swift in Sources */,
				F7B8EF8B2A45CFAD004B82E9 /* FirebaseAuthenticationService.swift in Sources */,
				F7B23B7C2A30A2230066256D /* LoggedOutRouter.swift in Sources */,
				F7E9F7D52A603A9600EAAE40 /* ProfileHeaderView.swift in Sources */,
				F799A7F82A41D62800D52F84 /* BiometryAuthenticationService.swift in Sources */,
				F7B8EFA42A4EEF99004B82E9 /* HomeViewController.swift in Sources */,
				F7F24A312A5B4213003CE73F /* MainInteractor.swift in Sources */,
				F7B8EFA22A4EEF91004B82E9 /* HomeBuilder.swift in Sources */,
				F7E9F7D72A603AA000EAAE40 /* ProfileTableViewCell.swift in Sources */,
				F7F24A352A5B4221003CE73F /* MainViewController.swift in Sources */,
				F7B8EFA82A549868004B82E9 /* KeychainService.swift in Sources */,
				F7293F2B2A2DF8DB0063AC20 /* LoggedOutViewController.swift in Sources */,
				F7B8EF9A2A4B28A4004B82E9 /* UIView.swift in Sources */,
				F7152F732A3C72B60007094B /* UITextField.swift in Sources */,
				F7B23B802A30A2390066256D /* LoggedOutBuilder.swift in Sources */,
				F7F24A382A5B4249003CE73F /* ProfileBuilder.swift in Sources */,
				F7E40AEB2A31042F002E5869 /* SignUpInteractor.swift in Sources */,
				F7293F1D2A2D14840063AC20 /* UIColor.swift in Sources */,
				F7F24A2F2A5B4207003CE73F /* MainRouter.swift in Sources */,
				F7E40AE92A31041D002E5869 /* SignUpRouter.swift in Sources */,
				F7B8EF9C2A4C797F004B82E9 /* UILabel.swift in Sources */,
				F7152F712A3C71E80007094B /* UIFont.swift in Sources */,
				F7E9F7E22A629B9D00EAAE40 /* PhotoModel.swift in Sources */,
				F7B8EFB32A59A72F004B82E9 /* AlertPresentable.swift in Sources */,
				F7F24A432A5B42C0003CE73F /* FavoritesInteractor.swift in Sources */,
				F7B8EF9E2A4EEF7B004B82E9 /* HomeRouter.swift in Sources */,
				F7E9F7DC2A6087FC00EAAE40 /* MainCell.swift in Sources */,
				F7F24A332A5B421B003CE73F /* MainBuilder.swift in Sources */,
				F774B9E32A29F4A0003D4F02 /* AppDelegate.swift in Sources */,
				F799A7F62A41D1B400D52F84 /* UIImage.swift in Sources */,
				F7E40AED2A310443002E5869 /* SignUpBuilder.swift in Sources */,
				F7F24A452A5B42C6003CE73F /* FavoritesBuilder.swift in Sources */,
				F7BEAF762A30BD5B00A19DE8 /* String+extension.swift in Sources */,
				F7B23B822A30A4950066256D /* Interactor.swift in Sources */,
				F7E9F7DE2A60898300EAAE40 /* Post.swift in Sources */,
				F7B23B7E2A30A2300066256D /* LoggedOutInteractor.swift in Sources */,
				F7B8EFA02A4EEF85004B82E9 /* HomeInteractor.swift in Sources */,
				F7B8EF952A45EB5E004B82E9 /* UserStream.swift in Sources */,
				F774B9E52A29F4A0003D4F02 /* SceneDelegate.swift in Sources */,
				F7F24A3C2A5B425D003CE73F /* ProfileRouter.swift in Sources */,
				F7F24A3A2A5B424F003CE73F /* ProfileInteractor.swift in Sources */,
				F7E9F7D92A6063CB00EAAE40 /* UIImageView.swift in Sources */,
				F7B23B722A2FB6040066256D /* RootInteractor.swift in Sources */,
				F7B23B742A2FB76C0066256D /* RootBuilder.swift in Sources */,
				F7B8EF982A462E08004B82E9 /* User.swift in Sources */,
				F7B23B762A2FB7740066256D /* RootViewController.swift in Sources */,
				F7B23B6D2A2FB4CE0066256D /* RootRouter.swift in Sources */,
				F7152F6F2A3C66A00007094B /* CustomButtons.swift in Sources */,
				F7F24A412A5B42BA003CE73F /* FavoritesRouter.swift in Sources */,
				F7E9F7E42A63240800EAAE40 /* UITableView.swift in Sources */,
				F7293F2E2A2DF94D0063AC20 /* TabBarModel.swift in Sources */,
				F7F24A472A5B42CC003CE73F /* FavoritesViewController.swift in Sources */,
				F7B23B6A2A2F583A0066256D /* SignUpViewController.swift in Sources */,
				F7F24A3E2A5B426A003CE73F /* ProfileViewController.swift in Sources */,
				F7BEAF742A30BB5600A19DE8 /* String.swift in Sources */,
				F7E9F7E62A6326C400EAAE40 /* MainFriendsView.swift in Sources */,
				F7B23B782A30702B0066256D /* UIViewController.swift in Sources */,
			);
			runOnlyForDeploymentPostprocessing = 0;
		};
/* End PBXSourcesBuildPhase section */

/* Begin PBXVariantGroup section */
		F774B9ED2A29F4A1003D4F02 /* LaunchScreen.storyboard */ = {
			isa = PBXVariantGroup;
			children = (
				F774B9EE2A29F4A1003D4F02 /* Base */,
				F7BEAF6E2A30BAFE00A19DE8 /* ru */,
			);
			name = LaunchScreen.storyboard;
			sourceTree = "<group>";
		};
		F7BEAF712A30BB0A00A19DE8 /* Localizable.strings */ = {
			isa = PBXVariantGroup;
			children = (
				F7BEAF702A30BB0A00A19DE8 /* en */,
				F7BEAF722A30BB0D00A19DE8 /* ru */,
			);
			name = Localizable.strings;
			sourceTree = "<group>";
		};
/* End PBXVariantGroup section */

/* Begin XCBuildConfiguration section */
		F774B9F12A29F4A1003D4F02 /* Debug */ = {
			isa = XCBuildConfiguration;
			buildSettings = {
				ALWAYS_SEARCH_USER_PATHS = NO;
				CLANG_ANALYZER_LOCALIZABILITY_NONLOCALIZED = YES;
				CLANG_ANALYZER_NONNULL = YES;
				CLANG_ANALYZER_NUMBER_OBJECT_CONVERSION = YES_AGGRESSIVE;
				CLANG_CXX_LANGUAGE_STANDARD = "gnu++20";
				CLANG_ENABLE_MODULES = YES;
				CLANG_ENABLE_OBJC_ARC = YES;
				CLANG_ENABLE_OBJC_WEAK = YES;
				CLANG_WARN_BLOCK_CAPTURE_AUTORELEASING = YES;
				CLANG_WARN_BOOL_CONVERSION = YES;
				CLANG_WARN_COMMA = YES;
				CLANG_WARN_CONSTANT_CONVERSION = YES;
				CLANG_WARN_DEPRECATED_OBJC_IMPLEMENTATIONS = YES;
				CLANG_WARN_DIRECT_OBJC_ISA_USAGE = YES_ERROR;
				CLANG_WARN_DOCUMENTATION_COMMENTS = YES;
				CLANG_WARN_EMPTY_BODY = YES;
				CLANG_WARN_ENUM_CONVERSION = YES;
				CLANG_WARN_INFINITE_RECURSION = YES;
				CLANG_WARN_INT_CONVERSION = YES;
				CLANG_WARN_NON_LITERAL_NULL_CONVERSION = YES;
				CLANG_WARN_OBJC_IMPLICIT_RETAIN_SELF = YES;
				CLANG_WARN_OBJC_LITERAL_CONVERSION = YES;
				CLANG_WARN_OBJC_ROOT_CLASS = YES_ERROR;
				CLANG_WARN_QUOTED_INCLUDE_IN_FRAMEWORK_HEADER = YES;
				CLANG_WARN_RANGE_LOOP_ANALYSIS = YES;
				CLANG_WARN_STRICT_PROTOTYPES = YES;
				CLANG_WARN_SUSPICIOUS_MOVE = YES;
				CLANG_WARN_UNGUARDED_AVAILABILITY = YES_AGGRESSIVE;
				CLANG_WARN_UNREACHABLE_CODE = YES;
				CLANG_WARN__DUPLICATE_METHOD_MATCH = YES;
				COPY_PHASE_STRIP = NO;
				DEBUG_INFORMATION_FORMAT = dwarf;
				ENABLE_STRICT_OBJC_MSGSEND = YES;
				ENABLE_TESTABILITY = YES;
				GCC_C_LANGUAGE_STANDARD = gnu11;
				GCC_DYNAMIC_NO_PIC = NO;
				GCC_NO_COMMON_BLOCKS = YES;
				GCC_OPTIMIZATION_LEVEL = 0;
				GCC_PREPROCESSOR_DEFINITIONS = (
					"DEBUG=1",
					"$(inherited)",
				);
				GCC_WARN_64_TO_32_BIT_CONVERSION = YES;
				GCC_WARN_ABOUT_RETURN_TYPE = YES_ERROR;
				GCC_WARN_UNDECLARED_SELECTOR = YES;
				GCC_WARN_UNINITIALIZED_AUTOS = YES_AGGRESSIVE;
				GCC_WARN_UNUSED_FUNCTION = YES;
				GCC_WARN_UNUSED_VARIABLE = YES;
				IPHONEOS_DEPLOYMENT_TARGET = 15.0;
				MTL_ENABLE_DEBUG_INFO = INCLUDE_SOURCE;
				MTL_FAST_MATH = YES;
				ONLY_ACTIVE_ARCH = YES;
				SDKROOT = iphoneos;
				SWIFT_ACTIVE_COMPILATION_CONDITIONS = DEBUG;
				SWIFT_OPTIMIZATION_LEVEL = "-Onone";
			};
			name = Debug;
		};
		F774B9F22A29F4A1003D4F02 /* Release */ = {
			isa = XCBuildConfiguration;
			buildSettings = {
				ALWAYS_SEARCH_USER_PATHS = NO;
				CLANG_ANALYZER_LOCALIZABILITY_NONLOCALIZED = YES;
				CLANG_ANALYZER_NONNULL = YES;
				CLANG_ANALYZER_NUMBER_OBJECT_CONVERSION = YES_AGGRESSIVE;
				CLANG_CXX_LANGUAGE_STANDARD = "gnu++20";
				CLANG_ENABLE_MODULES = YES;
				CLANG_ENABLE_OBJC_ARC = YES;
				CLANG_ENABLE_OBJC_WEAK = YES;
				CLANG_WARN_BLOCK_CAPTURE_AUTORELEASING = YES;
				CLANG_WARN_BOOL_CONVERSION = YES;
				CLANG_WARN_COMMA = YES;
				CLANG_WARN_CONSTANT_CONVERSION = YES;
				CLANG_WARN_DEPRECATED_OBJC_IMPLEMENTATIONS = YES;
				CLANG_WARN_DIRECT_OBJC_ISA_USAGE = YES_ERROR;
				CLANG_WARN_DOCUMENTATION_COMMENTS = YES;
				CLANG_WARN_EMPTY_BODY = YES;
				CLANG_WARN_ENUM_CONVERSION = YES;
				CLANG_WARN_INFINITE_RECURSION = YES;
				CLANG_WARN_INT_CONVERSION = YES;
				CLANG_WARN_NON_LITERAL_NULL_CONVERSION = YES;
				CLANG_WARN_OBJC_IMPLICIT_RETAIN_SELF = YES;
				CLANG_WARN_OBJC_LITERAL_CONVERSION = YES;
				CLANG_WARN_OBJC_ROOT_CLASS = YES_ERROR;
				CLANG_WARN_QUOTED_INCLUDE_IN_FRAMEWORK_HEADER = YES;
				CLANG_WARN_RANGE_LOOP_ANALYSIS = YES;
				CLANG_WARN_STRICT_PROTOTYPES = YES;
				CLANG_WARN_SUSPICIOUS_MOVE = YES;
				CLANG_WARN_UNGUARDED_AVAILABILITY = YES_AGGRESSIVE;
				CLANG_WARN_UNREACHABLE_CODE = YES;
				CLANG_WARN__DUPLICATE_METHOD_MATCH = YES;
				COPY_PHASE_STRIP = NO;
				DEBUG_INFORMATION_FORMAT = "dwarf-with-dsym";
				ENABLE_NS_ASSERTIONS = NO;
				ENABLE_STRICT_OBJC_MSGSEND = YES;
				GCC_C_LANGUAGE_STANDARD = gnu11;
				GCC_NO_COMMON_BLOCKS = YES;
				GCC_WARN_64_TO_32_BIT_CONVERSION = YES;
				GCC_WARN_ABOUT_RETURN_TYPE = YES_ERROR;
				GCC_WARN_UNDECLARED_SELECTOR = YES;
				GCC_WARN_UNINITIALIZED_AUTOS = YES_AGGRESSIVE;
				GCC_WARN_UNUSED_FUNCTION = YES;
				GCC_WARN_UNUSED_VARIABLE = YES;
				IPHONEOS_DEPLOYMENT_TARGET = 15.0;
				MTL_ENABLE_DEBUG_INFO = NO;
				MTL_FAST_MATH = YES;
				SDKROOT = iphoneos;
				SWIFT_COMPILATION_MODE = wholemodule;
				SWIFT_OPTIMIZATION_LEVEL = "-O";
				VALIDATE_PRODUCT = YES;
			};
			name = Release;
		};
		F774B9F42A29F4A1003D4F02 /* Debug */ = {
			isa = XCBuildConfiguration;
			buildSettings = {
				ASSETCATALOG_COMPILER_APPICON_NAME = AppIcon;
				ASSETCATALOG_COMPILER_GLOBAL_ACCENT_COLOR_NAME = AccentColor;
				CODE_SIGN_STYLE = Automatic;
				CURRENT_PROJECT_VERSION = 1;
				GENERATE_INFOPLIST_FILE = YES;
				INFOPLIST_FILE = Diploma/Info.plist;
				INFOPLIST_KEY_UIApplicationSupportsIndirectInputEvents = YES;
				INFOPLIST_KEY_UILaunchStoryboardName = LaunchScreen;
				INFOPLIST_KEY_UISupportedInterfaceOrientations = "UIInterfaceOrientationLandscapeLeft UIInterfaceOrientationLandscapeRight UIInterfaceOrientationPortrait";
				INFOPLIST_KEY_UISupportedInterfaceOrientations_iPad = "UIInterfaceOrientationLandscapeLeft UIInterfaceOrientationLandscapeRight UIInterfaceOrientationPortrait UIInterfaceOrientationPortraitUpsideDown";
				IPHONEOS_DEPLOYMENT_TARGET = 15.0;
				LD_RUNPATH_SEARCH_PATHS = (
					"$(inherited)",
					"@executable_path/Frameworks",
				);
				MARKETING_VERSION = 1.0;
				PRODUCT_BUNDLE_IDENTIFIER = "rorshix97-gmail.com.Diploma";
				PRODUCT_NAME = "$(TARGET_NAME)";
				SUPPORTED_PLATFORMS = "iphoneos iphonesimulator";
				SUPPORTS_MACCATALYST = NO;
				SUPPORTS_MAC_DESIGNED_FOR_IPHONE_IPAD = NO;
				SWIFT_EMIT_LOC_STRINGS = YES;
				SWIFT_VERSION = 5.0;
				TARGETED_DEVICE_FAMILY = "1,2";
			};
			name = Debug;
		};
		F774B9F52A29F4A1003D4F02 /* Release */ = {
			isa = XCBuildConfiguration;
			buildSettings = {
				ASSETCATALOG_COMPILER_APPICON_NAME = AppIcon;
				ASSETCATALOG_COMPILER_GLOBAL_ACCENT_COLOR_NAME = AccentColor;
				CODE_SIGN_STYLE = Automatic;
				CURRENT_PROJECT_VERSION = 1;
				GENERATE_INFOPLIST_FILE = YES;
				INFOPLIST_FILE = Diploma/Info.plist;
				INFOPLIST_KEY_UIApplicationSupportsIndirectInputEvents = YES;
				INFOPLIST_KEY_UILaunchStoryboardName = LaunchScreen;
				INFOPLIST_KEY_UISupportedInterfaceOrientations = "UIInterfaceOrientationLandscapeLeft UIInterfaceOrientationLandscapeRight UIInterfaceOrientationPortrait";
				INFOPLIST_KEY_UISupportedInterfaceOrientations_iPad = "UIInterfaceOrientationLandscapeLeft UIInterfaceOrientationLandscapeRight UIInterfaceOrientationPortrait UIInterfaceOrientationPortraitUpsideDown";
				IPHONEOS_DEPLOYMENT_TARGET = 15.0;
				LD_RUNPATH_SEARCH_PATHS = (
					"$(inherited)",
					"@executable_path/Frameworks",
				);
				MARKETING_VERSION = 1.0;
				PRODUCT_BUNDLE_IDENTIFIER = "rorshix97-gmail.com.Diploma";
				PRODUCT_NAME = "$(TARGET_NAME)";
				SUPPORTED_PLATFORMS = "iphoneos iphonesimulator";
				SUPPORTS_MACCATALYST = NO;
				SUPPORTS_MAC_DESIGNED_FOR_IPHONE_IPAD = NO;
				SWIFT_EMIT_LOC_STRINGS = YES;
				SWIFT_VERSION = 5.0;
				TARGETED_DEVICE_FAMILY = "1,2";
			};
			name = Release;
		};
/* End XCBuildConfiguration section */

/* Begin XCConfigurationList section */
		F774B9DA2A29F4A0003D4F02 /* Build configuration list for PBXProject "Diploma" */ = {
			isa = XCConfigurationList;
			buildConfigurations = (
				F774B9F12A29F4A1003D4F02 /* Debug */,
				F774B9F22A29F4A1003D4F02 /* Release */,
			);
			defaultConfigurationIsVisible = 0;
			defaultConfigurationName = Release;
		};
		F774B9F32A29F4A1003D4F02 /* Build configuration list for PBXNativeTarget "Diploma" */ = {
			isa = XCConfigurationList;
			buildConfigurations = (
				F774B9F42A29F4A1003D4F02 /* Debug */,
				F774B9F52A29F4A1003D4F02 /* Release */,
			);
			defaultConfigurationIsVisible = 0;
			defaultConfigurationName = Release;
		};
/* End XCConfigurationList section */

/* Begin XCRemoteSwiftPackageReference section */
		F7B23B6E2A2FB5780066256D /* XCRemoteSwiftPackageReference "RIBs" */ = {
			isa = XCRemoteSwiftPackageReference;
			repositoryURL = "https://github.com/uber/RIBs.git";
			requirement = {
				kind = upToNextMajorVersion;
				minimumVersion = 0.9.2;
			};
		};
		F7B8EF8E2A45D26B004B82E9 /* XCRemoteSwiftPackageReference "firebase-ios-sdk" */ = {
			isa = XCRemoteSwiftPackageReference;
			repositoryURL = "https://github.com/firebase/firebase-ios-sdk.git";
			requirement = {
				kind = upToNextMajorVersion;
				minimumVersion = 9.0.0;
			};
		};
		F7B8EFAC2A54A0C7004B82E9 /* XCRemoteSwiftPackageReference "SwiftyUserDefaults" */ = {
			isa = XCRemoteSwiftPackageReference;
			repositoryURL = "https://github.com/sunshinejr/SwiftyUserDefaults.git";
			requirement = {
				kind = upToNextMajorVersion;
				minimumVersion = 5.0.0;
			};
		};
		F7B8EFAF2A5706B5004B82E9 /* XCRemoteSwiftPackageReference "IQKeyboardManager" */ = {
			isa = XCRemoteSwiftPackageReference;
			repositoryURL = "https://github.com/hackiftekhar/IQKeyboardManager";
			requirement = {
				kind = upToNextMajorVersion;
				minimumVersion = 6.0.0;
			};
		};
		F7E40AE22A310374002E5869 /* XCRemoteSwiftPackageReference "RxGesture" */ = {
			isa = XCRemoteSwiftPackageReference;
			repositoryURL = "https://github.com/RxSwiftCommunity/RxGesture.git";
			requirement = {
				kind = upToNextMajorVersion;
				minimumVersion = 4.0.0;
			};
		};
		F7E40AE52A310391002E5869 /* XCRemoteSwiftPackageReference "TinyConstraints" */ = {
			isa = XCRemoteSwiftPackageReference;
			repositoryURL = "https://github.com/roberthein/TinyConstraints";
			requirement = {
				kind = upToNextMajorVersion;
				minimumVersion = 4.0.0;
			};
		};
/* End XCRemoteSwiftPackageReference section */

/* Begin XCSwiftPackageProductDependency section */
		F7B23B6F2A2FB5780066256D /* RIBs */ = {
			isa = XCSwiftPackageProductDependency;
			package = F7B23B6E2A2FB5780066256D /* XCRemoteSwiftPackageReference "RIBs" */;
			productName = RIBs;
		};
		F7B8EF8F2A45D26B004B82E9 /* FirebaseAuth */ = {
			isa = XCSwiftPackageProductDependency;
			package = F7B8EF8E2A45D26B004B82E9 /* XCRemoteSwiftPackageReference "firebase-ios-sdk" */;
			productName = FirebaseAuth;
		};
		F7B8EF912A45D26B004B82E9 /* FirebaseAuthCombine-Community */ = {
			isa = XCSwiftPackageProductDependency;
			package = F7B8EF8E2A45D26B004B82E9 /* XCRemoteSwiftPackageReference "firebase-ios-sdk" */;
			productName = "FirebaseAuthCombine-Community";
		};
		F7B8EFAD2A54A0C7004B82E9 /* SwiftyUserDefaults */ = {
			isa = XCSwiftPackageProductDependency;
			package = F7B8EFAC2A54A0C7004B82E9 /* XCRemoteSwiftPackageReference "SwiftyUserDefaults" */;
			productName = SwiftyUserDefaults;
		};
		F7B8EFB02A5706B5004B82E9 /* IQKeyboardManagerSwift */ = {
			isa = XCSwiftPackageProductDependency;
			package = F7B8EFAF2A5706B5004B82E9 /* XCRemoteSwiftPackageReference "IQKeyboardManager" */;
			productName = IQKeyboardManagerSwift;
		};
		F7E40AE32A310374002E5869 /* RxGesture */ = {
			isa = XCSwiftPackageProductDependency;
			package = F7E40AE22A310374002E5869 /* XCRemoteSwiftPackageReference "RxGesture" */;
			productName = RxGesture;
		};
		F7E40AE62A310391002E5869 /* TinyConstraints */ = {
			isa = XCSwiftPackageProductDependency;
			package = F7E40AE52A310391002E5869 /* XCRemoteSwiftPackageReference "TinyConstraints" */;
			productName = TinyConstraints;
		};
/* End XCSwiftPackageProductDependency section */
	};
	rootObject = F774B9D72A29F4A0003D4F02 /* Project object */;
}
